Microsoft Visual Studio Solution File, Format Version 12.00
# Visual Studio Version 17
VisualStudioVersion = 17.5.2.0
MinimumVisualStudioVersion = 10.0.40219.1
Project("{FAE04EC0-301F-11D3-BF4B-00C04F79EFBC}") = "FacebookDb", "FacebookDb.csproj", "{722DBDA5-4EFF-193A-B624-6D3E330055C7}"
EndProject
Global
	GlobalSection(SolutionConfigurationPlatforms) = preSolution
		Debug|Any CPU = Debug|Any CPU
		Release|Any CPU = Release|Any CPU
	EndGlobalSection
	GlobalSection(ProjectConfigurationPlatforms) = postSolution
		{722DBDA5-4EFF-193A-B624-6D3E330055C7}.Debug|Any CPU.ActiveCfg = Debug|Any CPU
		{722DBDA5-4EFF-193A-B624-6D3E330055C7}.Debug|Any CPU.Build.0 = Debug|Any CPU
		{722DBDA5-4EFF-193A-B624-6D3E330055C7}.Release|Any CPU.ActiveCfg = Release|Any CPU
		{722DBDA5-4EFF-193A-B624-6D3E330055C7}.Release|Any CPU.Build.0 = Release|Any CPU
	EndGlobalSection
	GlobalSection(SolutionProperties) = preSolution
		HideSolutionNode = FALSE
	EndGlobalSection
	GlobalSection(ExtensibilityGlobals) = postSolution
		SolutionGuid = {3AFD5721-117B-4139-A00B-ACB261458E36}
	EndGlobalSection
EndGlobal
